
Microsoft Visual Studio Solution File, Format Version 12.00
# Visual Studio Version 17
VisualStudioVersion = 17.2.32630.192
MinimumVisualStudioVersion = 10.0.40219.1
Project("{FAE04EC0-301F-11D3-BF4B-00C04F79EFBC}") = "bulkyBookWeb", "bulkyBookWeb\bulkyBookWeb.csproj", "{BB6F0371-0626-4386-890E-87EE81AD609D}"
EndProject
Global
	GlobalSection(SolutionConfigurationPlatforms) = preSolution
		Debug|Any CPU = Debug|Any CPU
		Release|Any CPU = Release|Any CPU
	EndGlobalSection
	GlobalSection(ProjectConfigurationPlatforms) = postSolution
		{BB6F0371-0626-4386-890E-87EE81AD609D}.Debug|Any CPU.ActiveCfg = Debug|Any CPU
		{BB6F0371-0626-4386-890E-87EE81AD609D}.Debug|Any CPU.Build.0 = Debug|Any CPU
		{BB6F0371-0626-4386-890E-87EE81AD609D}.Release|Any CPU.ActiveCfg = Release|Any CPU
		{BB6F0371-0626-4386-890E-87EE81AD609D}.Release|Any CPU.Build.0 = Release|Any CPU
	EndGlobalSection
	GlobalSection(SolutionProperties) = preSolution
		HideSolutionNode = FALSE
	EndGlobalSection
	GlobalSection(ExtensibilityGlobals) = postSolution
		SolutionGuid = {D49370FB-45D4-42E1-833A-5652D7481FF1}
	EndGlobalSection
EndGlobal
